
Microsoft Visual Studio Solution File, Format Version 12.00
# Visual Studio 2012
Project("{FAE04EC0-301F-11D3-BF4B-00C04F79EFBC}") = "AcuantHybridSampleSDK", "AcuantHybridSampleSDK.csproj", "{BD71133C-4D4E-483B-B7B2-B84AB8F29B26}"
EndProject
Global
	GlobalSection(SolutionConfigurationPlatforms) = preSolution
		Debug|Any CPU = Debug|Any CPU
		Release|Any CPU = Release|Any CPU
	EndGlobalSection
	GlobalSection(ProjectConfigurationPlatforms) = postSolution
		{BD71133C-4D4E-483B-B7B2-B84AB8F29B26}.Debug|Any CPU.ActiveCfg = Debug|Any CPU
		{BD71133C-4D4E-483B-B7B2-B84AB8F29B26}.Debug|Any CPU.Build.0 = Debug|Any CPU
		{BD71133C-4D4E-483B-B7B2-B84AB8F29B26}.Release|Any CPU.ActiveCfg = Release|Any CPU
		{BD71133C-4D4E-483B-B7B2-B84AB8F29B26}.Release|Any CPU.Build.0 = Release|Any CPU
	EndGlobalSection
EndGlobal
