
Microsoft Visual Studio Solution File, Format Version 12.00
# Visual Studio 2012
Project("{FAE04EC0-301F-11D3-BF4B-00C04F79EFBC}") = "AcuantHybridSampleSDK.iOS", "AcuantHybridSampleSDK.iOS.csproj", "{F6D295B7-9FF6-4F84-A839-69E1663E558F}"
EndProject
Global
	GlobalSection(SolutionConfigurationPlatforms) = preSolution
		Debug|iPhoneSimulator = Debug|iPhoneSimulator
		Release|iPhone = Release|iPhone
		Release|iPhoneSimulator = Release|iPhoneSimulator
		Debug|iPhone = Debug|iPhone
	EndGlobalSection
	GlobalSection(ProjectConfigurationPlatforms) = postSolution
		{F6D295B7-9FF6-4F84-A839-69E1663E558F}.Debug|iPhoneSimulator.ActiveCfg = Debug|iPhoneSimulator
		{F6D295B7-9FF6-4F84-A839-69E1663E558F}.Debug|iPhoneSimulator.Build.0 = Debug|iPhoneSimulator
		{F6D295B7-9FF6-4F84-A839-69E1663E558F}.Release|iPhone.ActiveCfg = Release|iPhone
		{F6D295B7-9FF6-4F84-A839-69E1663E558F}.Release|iPhone.Build.0 = Release|iPhone
		{F6D295B7-9FF6-4F84-A839-69E1663E558F}.Release|iPhoneSimulator.ActiveCfg = Release|iPhoneSimulator
		{F6D295B7-9FF6-4F84-A839-69E1663E558F}.Release|iPhoneSimulator.Build.0 = Release|iPhoneSimulator
		{F6D295B7-9FF6-4F84-A839-69E1663E558F}.Debug|iPhone.ActiveCfg = Debug|iPhone
		{F6D295B7-9FF6-4F84-A839-69E1663E558F}.Debug|iPhone.Build.0 = Debug|iPhone
	EndGlobalSection
EndGlobal
